
Microsoft Visual Studio Solution File, Format Version 12.00
# Visual Studio Version 16
VisualStudioVersion = 16.0.30907.101
MinimumVisualStudioVersion = 10.0.40219.1
Project("{2150E333-8FDC-42A3-9474-1A3956D46DE8}") = "Services", "Services", "{53A9A429-1CEF-442D-BCFD-804BDAD677D2}"
EndProject
Project("{2150E333-8FDC-42A3-9474-1A3956D46DE8}") = "WebApps", "WebApps", "{5BFD1CB6-DCD3-4ACF-A3DB-BEC031AF59A3}"
EndProject
Project("{2150E333-8FDC-42A3-9474-1A3956D46DE8}") = "Cadastros", "Cadastros", "{5FCC184F-F10C-4FDC-A26D-2075B268B568}"
EndProject
Project("{2150E333-8FDC-42A3-9474-1A3956D46DE8}") = "Catalogo", "Catalogo", "{CEEF15C3-C435-4C71-AD97-8EE29C534FC1}"
EndProject
Project("{2150E333-8FDC-42A3-9474-1A3956D46DE8}") = "Core", "Core", "{B9F3A5BB-7EEF-46A1-AFFA-B03BC2E2DE6E}"
EndProject
Project("{2150E333-8FDC-42A3-9474-1A3956D46DE8}") = "Fiscal", "Fiscal", "{4F503365-B79A-480D-8B78-8E291DF58D3B}"
EndProject
Project("{2150E333-8FDC-42A3-9474-1A3956D46DE8}") = "Pagamentos", "Pagamentos", "{83F1AF80-7819-481E-8C4F-D7BD596A6400}"
EndProject
Project("{2150E333-8FDC-42A3-9474-1A3956D46DE8}") = "Vendas", "Vendas", "{F7703AC0-2ED5-4871-AFD9-FC1E6EE8272B}"
EndProject
Project("{9A19103F-16F7-4668-BE54-9A1E7A4F7556}") = "Store.Catalogo.Domain", "src\Store.Catalogo.Domain\Store.Catalogo.Domain.csproj", "{A2329387-666B-49D6-9929-CF4524A138A7}"
EndProject
Project("{9A19103F-16F7-4668-BE54-9A1E7A4F7556}") = "Store.Core", "src\Store.Core\Store.Core.csproj", "{5FF0FDE4-99AB-4F51-B9B9-BF3CC015C9EF}"
EndProject
Project("{2150E333-8FDC-42A3-9474-1A3956D46DE8}") = "Testes", "Testes", "{568544BC-DAE4-4B35-935E-1324363CD822}"
EndProject
Project("{9A19103F-16F7-4668-BE54-9A1E7A4F7556}") = "Store.Catalogo.Domain.Tests", "tests\Store.Catalogo.Domain.Tests\Store.Catalogo.Domain.Tests.csproj", "{F9BDE84F-F21F-4E30-BF22-52E7E16102F4}"
EndProject
Project("{9A19103F-16F7-4668-BE54-9A1E7A4F7556}") = "Store.Catalogo.Data", "src\Store.Catalogo.Data\Store.Catalogo.Data.csproj", "{7C5E293E-CA82-4F6C-BF77-78677A6756B5}"
EndProject
Project("{9A19103F-16F7-4668-BE54-9A1E7A4F7556}") = "Store.Catalogo.Application", "src\Store.Catalogo.Application\Store.Catalogo.Application.csproj", "{916DAF87-A996-4178-8332-EC50EE33E9C9}"
EndProject
Project("{FAE04EC0-301F-11D3-BF4B-00C04F79EFBC}") = "Store.WebApp.Mvc", "src\Store.WebApp.Mvc\Store.WebApp.Mvc.csproj", "{A87C913B-B96A-41D6-84D5-CF5A806E05CB}"
EndProject
Global
	GlobalSection(SolutionConfigurationPlatforms) = preSolution
		Debug|Any CPU = Debug|Any CPU
		Release|Any CPU = Release|Any CPU
	EndGlobalSection
	GlobalSection(ProjectConfigurationPlatforms) = postSolution
		{A2329387-666B-49D6-9929-CF4524A138A7}.Debug|Any CPU.ActiveCfg = Debug|Any CPU
		{A2329387-666B-49D6-9929-CF4524A138A7}.Debug|Any CPU.Build.0 = Debug|Any CPU
		{A2329387-666B-49D6-9929-CF4524A138A7}.Release|Any CPU.ActiveCfg = Release|Any CPU
		{A2329387-666B-49D6-9929-CF4524A138A7}.Release|Any CPU.Build.0 = Release|Any CPU
		{5FF0FDE4-99AB-4F51-B9B9-BF3CC015C9EF}.Debug|Any CPU.ActiveCfg = Debug|Any CPU
		{5FF0FDE4-99AB-4F51-B9B9-BF3CC015C9EF}.Debug|Any CPU.Build.0 = Debug|Any CPU
		{5FF0FDE4-99AB-4F51-B9B9-BF3CC015C9EF}.Release|Any CPU.ActiveCfg = Release|Any CPU
		{5FF0FDE4-99AB-4F51-B9B9-BF3CC015C9EF}.Release|Any CPU.Build.0 = Release|Any CPU
		{F9BDE84F-F21F-4E30-BF22-52E7E16102F4}.Debug|Any CPU.ActiveCfg = Debug|Any CPU
		{F9BDE84F-F21F-4E30-BF22-52E7E16102F4}.Debug|Any CPU.Build.0 = Debug|Any CPU
		{F9BDE84F-F21F-4E30-BF22-52E7E16102F4}.Release|Any CPU.ActiveCfg = Release|Any CPU
		{F9BDE84F-F21F-4E30-BF22-52E7E16102F4}.Release|Any CPU.Build.0 = Release|Any CPU
		{7C5E293E-CA82-4F6C-BF77-78677A6756B5}.Debug|Any CPU.ActiveCfg = Debug|Any CPU
		{7C5E293E-CA82-4F6C-BF77-78677A6756B5}.Debug|Any CPU.Build.0 = Debug|Any CPU
		{7C5E293E-CA82-4F6C-BF77-78677A6756B5}.Release|Any CPU.ActiveCfg = Release|Any CPU
		{7C5E293E-CA82-4F6C-BF77-78677A6756B5}.Release|Any CPU.Build.0 = Release|Any CPU
		{916DAF87-A996-4178-8332-EC50EE33E9C9}.Debug|Any CPU.ActiveCfg = Debug|Any CPU
		{916DAF87-A996-4178-8332-EC50EE33E9C9}.Debug|Any CPU.Build.0 = Debug|Any CPU
		{916DAF87-A996-4178-8332-EC50EE33E9C9}.Release|Any CPU.ActiveCfg = Release|Any CPU
		{916DAF87-A996-4178-8332-EC50EE33E9C9}.Release|Any CPU.Build.0 = Release|Any CPU
		{A87C913B-B96A-41D6-84D5-CF5A806E05CB}.Debug|Any CPU.ActiveCfg = Debug|Any CPU
		{A87C913B-B96A-41D6-84D5-CF5A806E05CB}.Debug|Any CPU.Build.0 = Debug|Any CPU
		{A87C913B-B96A-41D6-84D5-CF5A806E05CB}.Release|Any CPU.ActiveCfg = Release|Any CPU
		{A87C913B-B96A-41D6-84D5-CF5A806E05CB}.Release|Any CPU.Build.0 = Release|Any CPU
	EndGlobalSection
	GlobalSection(SolutionProperties) = preSolution
		HideSolutionNode = FALSE
	EndGlobalSection
	GlobalSection(NestedProjects) = preSolution
		{5FCC184F-F10C-4FDC-A26D-2075B268B568} = {53A9A429-1CEF-442D-BCFD-804BDAD677D2}
		{CEEF15C3-C435-4C71-AD97-8EE29C534FC1} = {53A9A429-1CEF-442D-BCFD-804BDAD677D2}
		{B9F3A5BB-7EEF-46A1-AFFA-B03BC2E2DE6E} = {53A9A429-1CEF-442D-BCFD-804BDAD677D2}
		{4F503365-B79A-480D-8B78-8E291DF58D3B} = {53A9A429-1CEF-442D-BCFD-804BDAD677D2}
		{83F1AF80-7819-481E-8C4F-D7BD596A6400} = {53A9A429-1CEF-442D-BCFD-804BDAD677D2}
		{F7703AC0-2ED5-4871-AFD9-FC1E6EE8272B} = {53A9A429-1CEF-442D-BCFD-804BDAD677D2}
		{A2329387-666B-49D6-9929-CF4524A138A7} = {CEEF15C3-C435-4C71-AD97-8EE29C534FC1}
		{5FF0FDE4-99AB-4F51-B9B9-BF3CC015C9EF} = {B9F3A5BB-7EEF-46A1-AFFA-B03BC2E2DE6E}
		{568544BC-DAE4-4B35-935E-1324363CD822} = {CEEF15C3-C435-4C71-AD97-8EE29C534FC1}
		{F9BDE84F-F21F-4E30-BF22-52E7E16102F4} = {568544BC-DAE4-4B35-935E-1324363CD822}
		{7C5E293E-CA82-4F6C-BF77-78677A6756B5} = {CEEF15C3-C435-4C71-AD97-8EE29C534FC1}
		{916DAF87-A996-4178-8332-EC50EE33E9C9} = {CEEF15C3-C435-4C71-AD97-8EE29C534FC1}
		{A87C913B-B96A-41D6-84D5-CF5A806E05CB} = {5BFD1CB6-DCD3-4ACF-A3DB-BEC031AF59A3}
	EndGlobalSection
	GlobalSection(ExtensibilityGlobals) = postSolution
		SolutionGuid = {48A99337-DE5E-4195-A77E-769122D838AD}
	EndGlobalSection
EndGlobal
